{
  "name": "io-ts-test",
  "version": "1.0.0",
  "lockfileVersion": 1,
  "requires": true,
  "dependencies": {
    "fp-ts": {
      "version": "2.3.0",
      "resolved": "https://registry.npmjs.org/fp-ts/-/fp-ts-2.3.0.tgz",
      "integrity": "sha512-Sfwvnsg2VHIdc/bwrFR9ym2QyZz7HZICBL2CWNRqDm7Alflf0oXIIL4nP7L75y2b+so0uupx1/nOPEBYJTxWQw=="
    },
    "io-ts": {
      "version": "2.0.3",
      "resolved": "https://registry.npmjs.org/io-ts/-/io-ts-2.0.3.tgz",
      "integrity": "sha512-PLSW+/QELUEmt68jmS+1JOxDzK3jrNlfiCTb62mQYV7RfixuUHga+Up4gszLqLAtNOUSjv9UmqNX0n/tgpzniA=="
    },
    "typescript": {
      "version": "3.5.3",
      "resolved": "https://registry.npmjs.org/typescript/-/typescript-3.5.3.tgz",
      "integrity": "sha512-ACzBtm/PhXBDId6a6sDJfroT2pOWt/oOnk4/dElG5G33ZL776N3Y6/6bKZJBFpd+b05F3Ct9qDjMeJmRWtE2/g=="
    }
  }
}
